
Microsoft Visual Studio Solution File, Format Version 12.00
# Visual Studio 15
VisualStudioVersion = 15.0.28307.572
MinimumVisualStudioVersion = 10.0.40219.1
Project("{FAE04EC0-301F-11D3-BF4B-00C04F79EFBC}") = "SolicitorCompare", "SolicitorCompare\SolicitorCompare.csproj", "{CDC21F1C-70D7-47EF-AE37-055582003D1C}"
EndProject
Global
	GlobalSection(SolutionConfigurationPlatforms) = preSolution
		Debug|Any CPU = Debug|Any CPU
		Release|Any CPU = Release|Any CPU
	EndGlobalSection
	GlobalSection(ProjectConfigurationPlatforms) = postSolution
		{CDC21F1C-70D7-47EF-AE37-055582003D1C}.Debug|Any CPU.ActiveCfg = Debug|Any CPU
		{CDC21F1C-70D7-47EF-AE37-055582003D1C}.Debug|Any CPU.Build.0 = Debug|Any CPU
		{CDC21F1C-70D7-47EF-AE37-055582003D1C}.Release|Any CPU.ActiveCfg = Release|Any CPU
		{CDC21F1C-70D7-47EF-AE37-055582003D1C}.Release|Any CPU.Build.0 = Release|Any CPU
	EndGlobalSection
	GlobalSection(SolutionProperties) = preSolution
		HideSolutionNode = FALSE
	EndGlobalSection
	GlobalSection(ExtensibilityGlobals) = postSolution
		SolutionGuid = {3CF2604D-1059-4414-9F31-FF901F00BFF2}
	EndGlobalSection
EndGlobal
